Microsoft Visual Studio Solution File, Format Version 12.00
# Visual Studio Version 17
VisualStudioVersion = 17.0.31611.283
MinimumVisualStudioVersion = 10.0.40219.1
Project("{9A19103F-16F7-4668-BE54-9A1E7A4F7556}") = "FirstMauiHybrid", "FirstMauiHybrid\FirstMauiHybrid.csproj", "{1BADF643-7D83-4C03-AC07-698F42025E70}"
EndProject
Project("{FAE04EC0-301F-11D3-BF4B-00C04F79EFBC}") = "Maui.Hybrid.Razor.Page", "Maui.Hybrid.Razor.Page\Maui.Hybrid.Razor.Page.csproj", "{4EB42837-10E8-43A3-89A2-05E068A9EE95}"
EndProject
Global
	GlobalSection(SolutionConfigurationPlatforms) = preSolution
		Debug|Any CPU = Debug|Any CPU
		Release|Any CPU = Release|Any CPU
	EndGlobalSection
	GlobalSection(ProjectConfigurationPlatforms) = postSolution
		{1BADF643-7D83-4C03-AC07-698F42025E70}.Debug|Any CPU.ActiveCfg = Debug|Any CPU
		{1BADF643-7D83-4C03-AC07-698F42025E70}.Debug|Any CPU.Build.0 = Debug|Any CPU
		{1BADF643-7D83-4C03-AC07-698F42025E70}.Debug|Any CPU.Deploy.0 = Debug|Any CPU
		{1BADF643-7D83-4C03-AC07-698F42025E70}.Release|Any CPU.ActiveCfg = Release|Any CPU
		{1BADF643-7D83-4C03-AC07-698F42025E70}.Release|Any CPU.Build.0 = Release|Any CPU
		{1BADF643-7D83-4C03-AC07-698F42025E70}.Release|Any CPU.Deploy.0 = Release|Any CPU
		{4EB42837-10E8-43A3-89A2-05E068A9EE95}.Debug|Any CPU.ActiveCfg = Debug|Any CPU
		{4EB42837-10E8-43A3-89A2-05E068A9EE95}.Debug|Any CPU.Build.0 = Debug|Any CPU
		{4EB42837-10E8-43A3-89A2-05E068A9EE95}.Release|Any CPU.ActiveCfg = Release|Any CPU
		{4EB42837-10E8-43A3-89A2-05E068A9EE95}.Release|Any CPU.Build.0 = Release|Any CPU
	EndGlobalSection
	GlobalSection(SolutionProperties) = preSolution
		HideSolutionNode = FALSE
	EndGlobalSection
	GlobalSection(ExtensibilityGlobals) = postSolution
		        SolutionGuid = {61F7FB11-1E47-470C-91E2-47F8143E1572}
		SolutionGuid = {FD2AE2C2-2E3D-4F75-AA49-C88244CE938A}
	EndGlobalSection
EndGlobal
